
Microsoft Visual Studio Solution File, Format Version 12.00
# Visual Studio Version 16
VisualStudioVersion = 16.0.31911.196
MinimumVisualStudioVersion = 10.0.40219.1
Project("{D2ABAB84-BF74-430A-B69E-9DC6D40DDA17}") = "Implementation_VS2019_sample_data", "Implementation_VS2019_sample_data\Implementation_VS2019_sample_data.dwproj", "{D2B3BD2E-1C1B-4258-A743-BCFB1889C2E8}"
EndProject
Global
	GlobalSection(SolutionConfigurationPlatforms) = preSolution
		Development|Default = Development|Default
	EndGlobalSection
	GlobalSection(ProjectConfigurationPlatforms) = postSolution
		{D2B3BD2E-1C1B-4258-A743-BCFB1889C2E8}.Development|Default.ActiveCfg = Development
		{D2B3BD2E-1C1B-4258-A743-BCFB1889C2E8}.Development|Default.Build.0 = Development
		{D2B3BD2E-1C1B-4258-A743-BCFB1889C2E8}.Development|Default.Deploy.0 = Development
	EndGlobalSection
	GlobalSection(SolutionProperties) = preSolution
		HideSolutionNode = FALSE
	EndGlobalSection
	GlobalSection(ExtensibilityGlobals) = postSolution
		SolutionGuid = {395030F2-D4B3-49FD-B519-244E2DC6F808}
	EndGlobalSection
EndGlobal
